
Microsoft Visual Studio Solution File, Format Version 12.00
# Visual Studio Version 17
VisualStudioVersion = 17.8.34330.188
MinimumVisualStudioVersion = 10.0.40219.1
Project("{FAE04EC0-301F-11D3-BF4B-00C04F79EFBC}") = "TravelBlogs", "TravelBlogs\TravelBlogs.csproj", "{7D9882BE-3178-499C-A1F1-1715A77DE8AB}"
EndProject
Project("{FAE04EC0-301F-11D3-BF4B-00C04F79EFBC}") = "BLL", "BLL\BLL.csproj", "{22A5930E-544D-4C05-8953-0787B0D11570}"
EndProject
Project("{FAE04EC0-301F-11D3-BF4B-00C04F79EFBC}") = "DAL", "DAL\DAL.csproj", "{D900EC02-B658-4EE7-B374-64E9B46D789C}"
EndProject
Global
	GlobalSection(SolutionConfigurationPlatforms) = preSolution
		Debug|Any CPU = Debug|Any CPU
		Release|Any CPU = Release|Any CPU
	EndGlobalSection
	GlobalSection(ProjectConfigurationPlatforms) = postSolution
		{7D9882BE-3178-499C-A1F1-1715A77DE8AB}.Debug|Any CPU.ActiveCfg = Debug|Any CPU
		{7D9882BE-3178-499C-A1F1-1715A77DE8AB}.Debug|Any CPU.Build.0 = Debug|Any CPU
		{7D9882BE-3178-499C-A1F1-1715A77DE8AB}.Release|Any CPU.ActiveCfg = Release|Any CPU
		{7D9882BE-3178-499C-A1F1-1715A77DE8AB}.Release|Any CPU.Build.0 = Release|Any CPU
		{22A5930E-544D-4C05-8953-0787B0D11570}.Debug|Any CPU.ActiveCfg = Debug|Any CPU
		{22A5930E-544D-4C05-8953-0787B0D11570}.Debug|Any CPU.Build.0 = Debug|Any CPU
		{22A5930E-544D-4C05-8953-0787B0D11570}.Release|Any CPU.ActiveCfg = Release|Any CPU
		{22A5930E-544D-4C05-8953-0787B0D11570}.Release|Any CPU.Build.0 = Release|Any CPU
		{D900EC02-B658-4EE7-B374-64E9B46D789C}.Debug|Any CPU.ActiveCfg = Debug|Any CPU
		{D900EC02-B658-4EE7-B374-64E9B46D789C}.Debug|Any CPU.Build.0 = Debug|Any CPU
		{D900EC02-B658-4EE7-B374-64E9B46D789C}.Release|Any CPU.ActiveCfg = Release|Any CPU
		{D900EC02-B658-4EE7-B374-64E9B46D789C}.Release|Any CPU.Build.0 = Release|Any CPU
	EndGlobalSection
	GlobalSection(SolutionProperties) = preSolution
		HideSolutionNode = FALSE
	EndGlobalSection
	GlobalSection(ExtensibilityGlobals) = postSolution
		SolutionGuid = {0C980BAF-A46A-4161-A14E-B1925F83C209}
	EndGlobalSection
EndGlobal
